
Microsoft Visual Studio Solution File, Format Version 12.00
# Visual Studio Version 17
VisualStudioVersion = 17.1.32210.238
MinimumVisualStudioVersion = 10.0.40219.1
Project("{9A19103F-16F7-4668-BE54-9A1E7A4F7556}") = "BinarySerialization", "BinarySerialization\BinarySerialization.csproj", "{736D5B6F-5B53-4FF5-B424-031FD2EE9A97}"
EndProject
Project("{9A19103F-16F7-4668-BE54-9A1E7A4F7556}") = "XmlSerialization", "XmlSerialization\XmlSerialization.csproj", "{DF1249B4-EA69-45FE-99B7-05A6C31392B1}"
EndProject
Project("{9A19103F-16F7-4668-BE54-9A1E7A4F7556}") = "JsonSerialization", "JsonSerialization\JsonSerialization.csproj", "{A9649D5D-C70B-45CE-AEEA-AC9FA970838E}"
EndProject
Project("{FAE04EC0-301F-11D3-BF4B-00C04F79EFBC}") = "CustomSerializable", "CustomSerializable\CustomSerializable.csproj", "{909F5E1A-E9A3-436C-A211-29D9A17BE276}"
EndProject
Project("{FAE04EC0-301F-11D3-BF4B-00C04F79EFBC}") = "DeepCloneExample", "DeepCloneExample\DeepCloneExample.csproj", "{57AD3135-9213-425E-A998-F1A82ACDAB2E}"
EndProject
Global
	GlobalSection(SolutionConfigurationPlatforms) = preSolution
		Debug|Any CPU = Debug|Any CPU
		Release|Any CPU = Release|Any CPU
	EndGlobalSection
	GlobalSection(ProjectConfigurationPlatforms) = postSolution
		{736D5B6F-5B53-4FF5-B424-031FD2EE9A97}.Debug|Any CPU.ActiveCfg = Debug|Any CPU
		{736D5B6F-5B53-4FF5-B424-031FD2EE9A97}.Debug|Any CPU.Build.0 = Debug|Any CPU
		{736D5B6F-5B53-4FF5-B424-031FD2EE9A97}.Release|Any CPU.ActiveCfg = Release|Any CPU
		{736D5B6F-5B53-4FF5-B424-031FD2EE9A97}.Release|Any CPU.Build.0 = Release|Any CPU
		{DF1249B4-EA69-45FE-99B7-05A6C31392B1}.Debug|Any CPU.ActiveCfg = Debug|Any CPU
		{DF1249B4-EA69-45FE-99B7-05A6C31392B1}.Debug|Any CPU.Build.0 = Debug|Any CPU
		{DF1249B4-EA69-45FE-99B7-05A6C31392B1}.Release|Any CPU.ActiveCfg = Release|Any CPU
		{DF1249B4-EA69-45FE-99B7-05A6C31392B1}.Release|Any CPU.Build.0 = Release|Any CPU
		{A9649D5D-C70B-45CE-AEEA-AC9FA970838E}.Debug|Any CPU.ActiveCfg = Debug|Any CPU
		{A9649D5D-C70B-45CE-AEEA-AC9FA970838E}.Debug|Any CPU.Build.0 = Debug|Any CPU
		{A9649D5D-C70B-45CE-AEEA-AC9FA970838E}.Release|Any CPU.ActiveCfg = Release|Any CPU
		{A9649D5D-C70B-45CE-AEEA-AC9FA970838E}.Release|Any CPU.Build.0 = Release|Any CPU
		{909F5E1A-E9A3-436C-A211-29D9A17BE276}.Debug|Any CPU.ActiveCfg = Debug|Any CPU
		{909F5E1A-E9A3-436C-A211-29D9A17BE276}.Debug|Any CPU.Build.0 = Debug|Any CPU
		{909F5E1A-E9A3-436C-A211-29D9A17BE276}.Release|Any CPU.ActiveCfg = Release|Any CPU
		{909F5E1A-E9A3-436C-A211-29D9A17BE276}.Release|Any CPU.Build.0 = Release|Any CPU
		{57AD3135-9213-425E-A998-F1A82ACDAB2E}.Debug|Any CPU.ActiveCfg = Debug|Any CPU
		{57AD3135-9213-425E-A998-F1A82ACDAB2E}.Debug|Any CPU.Build.0 = Debug|Any CPU
		{57AD3135-9213-425E-A998-F1A82ACDAB2E}.Release|Any CPU.ActiveCfg = Release|Any CPU
		{57AD3135-9213-425E-A998-F1A82ACDAB2E}.Release|Any CPU.Build.0 = Release|Any CPU
	EndGlobalSection
	GlobalSection(SolutionProperties) = preSolution
		HideSolutionNode = FALSE
	EndGlobalSection
	GlobalSection(ExtensibilityGlobals) = postSolution
		SolutionGuid = {B5EB542D-13E7-46BC-8ECB-259C6BA85CC5}
	EndGlobalSection
EndGlobal
